
Microsoft Visual Studio Solution File, Format Version 12.00
# Visual Studio 2013
VisualStudioVersion = 12.0.21005.1
MinimumVisualStudioVersion = 10.0.40219.1
Project("{FAE04EC0-301F-11D3-BF4B-00C04F79EFBC}") = "site", "site.csproj", "{D585EB12-33E9-4603-A4AE-D531F1350E84}"
EndProject
Project("{2150E333-8FDC-42A3-9474-1A3956D46DE8}") = "Solution Items", "Solution Items", "{28D0B56C-E0B1-4CC3-80B2-9C2B007C3DA8}"
	ProjectSection(SolutionItems) = preProject
		README.md = README.md
	EndProjectSection
EndProject
Global
	GlobalSection(SolutionConfigurationPlatforms) = preSolution
		Site|Jekyll = Site|Jekyll
	EndGlobalSection
	GlobalSection(ProjectConfigurationPlatforms) = postSolution
		{D585EB12-33E9-4603-A4AE-D531F1350E84}.Site|Jekyll.ActiveCfg = Release|Any CPU
		{D585EB12-33E9-4603-A4AE-D531F1350E84}.Site|Jekyll.Build.0 = Release|Any CPU
	EndGlobalSection
	GlobalSection(SolutionProperties) = preSolution
		HideSolutionNode = FALSE
	EndGlobalSection
EndGlobal
